// !$*UTF8*$!
{
	archiveVersion = 1;
	classes = {
	};
	objectVersion = 50;
	objects = {

/* Begin PBXBuildFile section */
		FBD195552188D54E0059E16A /* AppDelegate.swift in Sources */ = {isa = PBXBuildFile; fileRef = FBD195542188D54E0059E16A /* AppDelegate.swift */; };
		FBD195572188D54E0059E16A /* ViewController.swift in Sources */ = {isa = PBXBuildFile; fileRef = FBD195562188D54E0059E16A /* ViewController.swift */; };
		FBD1955A2188D54E0059E16A /* Main.storyboard in Resources */ = {isa = PBXBuildFile; fileRef = FBD195582188D54E0059E16A /* Main.storyboard */; };
		FBD1955C2188D54F0059E16A /* Assets.xcassets in Resources */ = {isa = PBXBuildFile; fileRef = FBD1955B2188D54F0059E16A /* Assets.xcassets */; };
		FBD1955F2188D54F0059E16A /* LaunchScreen.storyboard in Resources */ = {isa = PBXBuildFile; fileRef = FBD1955D2188D54F0059E16A /* LaunchScreen.storyboard */; };
		FBD1956A2188D54F0059E16A /* tipsterTests.swift in Sources */ = {isa = PBXBuildFile; fileRef = FBD195692188D54F0059E16A /* tipsterTests.swift */; };
		FBD195752188D54F0059E16A /* tipsterUITests.swift in Sources */ = {isa = PBXBuildFile; fileRef = FBD195742188D54F0059E16A /* tipsterUITests.swift */; };
/* End PBXBuildFile section */

/* Begin PBXContainerItemProxy section */
		FBD195662188D54F0059E16A /* PBXContainerItemProxy */ = {
			isa = PBXContainerItemProxy;
			containerPortal = FBD195492188D54E0059E16A /* Project object */;
			proxyType = 1;
			remoteGlobalIDString = FBD195502188D54E0059E16A;
			remoteInfo = tipster;
		};
		FBD195712188D54F0059E16A /* PBXContainerItemProxy */ = {
			isa = PBXContainerItemProxy;
			containerPortal = FBD195492188D54E0059E16A /* Project object */;
			proxyType = 1;
			remoteGlobalIDString = FBD195502188D54E0059E16A;
			remoteInfo = tipster;
		};
/* End PBXContainerItemProxy section */

/* Begin PBXFileReference section */
		FBD195512188D54E0059E16A /* tipster.app */ = {isa = PBXFileReference; explicitFileType = wrapper.application; includeInIndex = 0; path = tipster.app; sourceTree = BUILT_PRODUCTS_DIR; };
		FBD195542188D54E0059E16A /* AppDelegate.swift */ = {isa = PBXFileReference; lastKnownFileType = sourcecode.swift; path = AppDelegate.swift; sourceTree = "<group>"; };
		FBD195562188D54E0059E16A /* ViewController.swift */ = {isa = PBXFileReference; lastKnownFileType = sourcecode.swift; path = ViewController.swift; sourceTree = "<group>"; };
		FBD195592188D54E0059E16A /* Base */ = {isa = PBXFileReference; lastKnownFileType = file.storyboard; name = Base; path = Base.lproj/Main.storyboard; sourceTree = "<group>"; };
		FBD1955B2188D54F0059E16A /* Assets.xcassets */ = {isa = PBXFileReference; lastKnownFileType = folder.assetcatalog; path = Assets.xcassets; sourceTree = "<group>"; };
		FBD1955E2188D54F0059E16A /* Base */ = {isa = PBXFileReference; lastKnownFileType = file.storyboard; name = Base; path = Base.lproj/LaunchScreen.storyboard; sourceTree = "<group>"; };
		FBD195602188D54F0059E16A /* Info.plist */ = {isa = PBXFileReference; lastKnownFileType = text.plist.xml; path = Info.plist; sourceTree = "<group>"; };
		FBD195652188D54F0059E16A /* tipsterTests.xctest */ = {isa = PBXFileReference; explicitFileType = wrapper.cfbundle; includeInIndex = 0; path = tipsterTests.xctest; sourceTree = BUILT_PRODUCTS_DIR; };
		FBD195692188D54F0059E16A /* tipsterTests.swift */ = {isa = PBXFileReference; lastKnownFileType = sourcecode.swift; path = tipsterTests.swift; sourceTree = "<group>"; };
		FBD1956B2188D54F0059E16A /* Info.plist */ = {isa = PBXFileReference; lastKnownFileType = text.plist.xml; path = Info.plist; sourceTree = "<group>"; };
		FBD195702188D54F0059E16A /* tipsterUITests.xctest */ = {isa = PBXFileReference; explicitFileType = wrapper.cfbundle; includeInIndex = 0; path = tipsterUITests.xctest; sourceTree = BUILT_PRODUCTS_DIR; };
		FBD195742188D54F0059E16A /* tipsterUITests.swift */ = {isa = PBXFileReference; lastKnownFileType = sourcecode.swift; path = tipsterUITests.swift; sourceTree = "<group>"; };
		FBD195762188D54F0059E16A /* Info.plist */ = {isa = PBXFileReference; lastKnownFileType = text.plist.xml; path = Info.plist; sourceTree = "<group>"; };
/* End PBXFileReference section */

/* Begin PBXFrameworksBuildPhase section */
		FBD1954E2188D54E0059E16A /* Frameworks */ = {
			isa = PBXFrameworksBuildPhase;
			buildActionMask = 2147483647;
			files = (
			);
			runOnlyForDeploymentPostprocessing = 0;
		};
		FBD195622188D54F0059E16A /* Frameworks */ = {
			isa = PBXFrameworksBuildPhase;
			buildActionMask = 2147483647;
			files = (
			);
			runOnlyForDeploymentPostprocessing = 0;
		};
		FBD1956D2188D54F0059E16A /* Frameworks */ = {
			isa = PBXFrameworksBuildPhase;
			buildActionMask = 2147483647;
			files = (
			);
			runOnlyForDeploymentPostprocessing = 0;
		};
/* End PBXFrameworksBuildPhase section */

/* Begin PBXGroup section */
		FBD195482188D54E0059E16A = {
			isa = PBXGroup;
			children = (
				FBD195532188D54E0059E16A /* tipster */,
				FBD195682188D54F0059E16A /* tipsterTests */,
				FBD195732188D54F0059E16A /* tipsterUITests */,
				FBD195522188D54E0059E16A /* Products */,
			);
			sourceTree = "<group>";
		};
		FBD195522188D54E0059E16A /* Products */ = {
			isa = PBXGroup;
			children = (
				FBD195512188D54E0059E16A /* tipster.app */,
				FBD195652188D54F0059E16A /* tipsterTests.xctest */,
				FBD195702188D54F0059E16A /* tipsterUITests.xctest */,
			);
			name = Products;
			sourceTree = "<group>";
		};
		FBD195532188D54E0059E16A /* tipster */ = {
			isa = PBXGroup;
			children = (
				FBD195542188D54E0059E16A /* AppDelegate.swift */,
				FBD195562188D54E0059E16A /* ViewController.swift */,
				FBD195582188D54E0059E16A /* Main.storyboard */,
				FBD1955B2188D54F0059E16A /* Assets.xcassets */,
				FBD1955D2188D54F0059E16A /* LaunchScreen.storyboard */,
				FBD195602188D54F0059E16A /* Info.plist */,
			);
			path = tipster;
			sourceTree = "<group>";
		};
		FBD195682188D54F0059E16A /* tipsterTests */ = {
			isa = PBXGroup;
			children = (
				FBD195692188D54F0059E16A /* tipsterTests.swift */,
				FBD1956B2188D54F0059E16A /* Info.plist */,
			);
			path = tipsterTests;
			sourceTree = "<group>";
		};
		FBD195732188D54F0059E16A /* tipsterUITests */ = {
			isa = PBXGroup;
			children = (
				FBD195742188D54F0059E16A /* tipsterUITests.swift */,
				FBD195762188D54F0059E16A /* Info.plist */,
			);
			path = tipsterUITests;
			sourceTree = "<group>";
		};
/* End PBXGroup section */

/* Begin PBXNativeTarget section */
		FBD195502188D54E0059E16A /* tipster */ = {
			isa = PBXNativeTarget;
			buildConfigurationList = FBD195792188D54F0059E16A /* Build configuration list for PBXNativeTarget "tipster" */;
			buildPhases = (
				FBD1954D2188D54E0059E16A /* Sources */,
				FBD1954E2188D54E0059E16A /* Frameworks */,
				FBD1954F2188D54E0059E16A /* Resources */,
			);
			buildRules = (
			);
			dependencies = (
			);
			name = tipster;
			productName = tipster;
			productReference = FBD195512188D54E0059E16A /* tipster.app */;
			productType = "com.apple.product-type.application";
		};
		FBD195642188D54F0059E16A /* tipsterTests */ = {
			isa = PBXNativeTarget;
			buildConfigurationList = FBD1957C2188D54F0059E16A /* Build configuration list for PBXNativeTarget "tipsterTests" */;
			buildPhases = (
				FBD195612188D54F0059E16A /* Sources */,
				FBD195622188D54F0059E16A /* Frameworks */,
				FBD195632188D54F0059E16A /* Resources */,
			);
			buildRules = (
			);
			dependencies = (
				FBD195672188D54F0059E16A /* PBXTargetDependency */,
			);
			name = tipsterTests;
			productName = tipsterTests;
			productReference = FBD195652188D54F0059E16A /* tipsterTests.xctest */;
			productType = "com.apple.product-type.bundle.unit-test";
		};
		FBD1956F2188D54F0059E16A /* tipsterUITests */ = {
			isa = PBXNativeTarget;
			buildConfigurationList = FBD1957F2188D54F0059E16A /* Build configuration list for PBXNativeTarget "tipsterUITests" */;
			buildPhases = (
				FBD1956C2188D54F0059E16A /* Sources */,
				FBD1956D2188D54F0059E16A /* Frameworks */,
				FBD1956E2188D54F0059E16A /* Resources */,
			);
			buildRules = (
			);
			dependencies = (
				FBD195722188D54F0059E16A /* PBXTargetDependency */,
			);
			name = tipsterUITests;
			productName = tipsterUITests;
			productReference = FBD195702188D54F0059E16A /* tipsterUITests.xctest */;
			productType = "com.apple.product-type.bundle.ui-testing";
		};
/* End PBXNativeTarget section */

/* Begin PBXProject section */
		FBD195492188D54E0059E16A /* Project object */ = {
			isa = PBXProject;
			attributes = {
				LastSwiftUpdateCheck = 1000;
				LastUpgradeCheck = 1000;
				ORGANIZATIONNAME = "Gurpal Bhoot";
				TargetAttributes = {
					FBD195502188D54E0059E16A = {
						CreatedOnToolsVersion = 10.0;
					};
					FBD195642188D54F0059E16A = {
						CreatedOnToolsVersion = 10.0;
						TestTargetID = FBD195502188D54E0059E16A;
					};
					FBD1956F2188D54F0059E16A = {
						CreatedOnToolsVersion = 10.0;
						TestTargetID = FBD195502188D54E0059E16A;
					};
				};
			};
			buildConfigurationList = FBD1954C2188D54E0059E16A /* Build configuration list for PBXProject "tipster" */;
			compatibilityVersion = "Xcode 9.3";
			developmentRegion = en;
			hasScannedForEncodings = 0;
			knownRegions = (
				en,
				Base,
			);
			mainGroup = FBD195482188D54E0059E16A;
			productRefGroup = FBD195522188D54E0059E16A /* Products */;
			projectDirPath = "";
			projectRoot = "";
			targets = (
				FBD195502188D54E0059E16A /* tipster */,
				FBD195642188D54F0059E16A /* tipsterTests */,
				FBD1956F2188D54F0059E16A /* tipsterUITests */,
			);
		};
/* End PBXProject section */

/* Begin PBXResourcesBuildPhase section */
		FBD1954F2188D54E0059E16A /* Resources */ = {
			isa = PBXResourcesBuildPhase;
			buildActionMask = 2147483647;
			files = (
				FBD1955F2188D54F0059E16A /* LaunchScreen.storyboard in Resources */,
				FBD1955C2188D54F0059E16A /* Assets.xcassets in Resources */,
				FBD1955A2188D54E0059E16A /* Main.storyboard in Resources */,
			);
			runOnlyForDeploymentPostprocessing = 0;
		};
		FBD195632188D54F0059E16A /* Resources */ = {
			isa = PBXResourcesBuildPhase;
			buildActionMask = 2147483647;
			files = (
			);
			runOnlyForDeploymentPostprocessing = 0;
		};
		FBD1956E2188D54F0059E16A /* Resources */ = {
			isa = PBXResourcesBuildPhase;
			buildActionMask = 2147483647;
			files = (
			);
			runOnlyForDeploymentPostprocessing = 0;
		};
/* End PBXResourcesBuildPhase section */

/* Begin PBXSourcesBuildPhase section */
		FBD1954D2188D54E0059E16A /* Sources */ = {
			isa = PBXSourcesBuildPhase;
			buildActionMask = 2147483647;
			files = (
				FBD195572188D54E0059E16A /* ViewController.swift in Sources */,
				FBD195552188D54E0059E16A /* AppDelegate.swift in Sources */,
			);
			runOnlyForDeploymentPostprocessing = 0;
		};
		FBD195612188D54F0059E16A /* Sources */ = {
			isa = PBXSourcesBuildPhase;
			buildActionMask = 2147483647;
			files = (
				FBD1956A2188D54F0059E16A /* tipsterTests.swift in Sources */,
			);
			runOnlyForDeploymentPostprocessing = 0;
		};
		FBD1956C2188D54F0059E16A /* Sources */ = {
			isa = PBXSourcesBuildPhase;
			buildActionMask = 2147483647;
			files = (
				FBD195752188D54F0059E16A /* tipsterUITests.swift in Sources */,
			);
			runOnlyForDeploymentPostprocessing = 0;
		};
/* End PBXSourcesBuildPhase section */

/* Begin PBXTargetDependency section */
		FBD195672188D54F0059E16A /* PBXTargetDependency */ = {
			isa = PBXTargetDependency;
			target = FBD195502188D54E0059E16A /* tipster */;
			targetProxy = FBD195662188D54F0059E16A /* PBXContainerItemProxy */;
		};
		FBD195722188D54F0059E16A /* PBXTargetDependency */ = {
			isa = PBXTargetDependency;
			target = FBD195502188D54E0059E16A /* tipster */;
			targetProxy = FBD195712188D54F0059E16A /* PBXContainerItemProxy */;
		};
/* End PBXTargetDependency section */

/* Begin PBXVariantGroup section */
		FBD195582188D54E0059E16A /* Main.storyboard */ = {
			isa = PBXVariantGroup;
			children = (
				FBD195592188D54E0059E16A /* Base */,
			);
			name = Main.storyboard;
			sourceTree = "<group>";
		};
		FBD1955D2188D54F0059E16A /* LaunchScreen.storyboard */ = {
			isa = PBXVariantGroup;
			children = (
				FBD1955E2188D54F0059E16A /* Base */,
			);
			name = LaunchScreen.storyboard;
			sourceTree = "<group>";
		};
/* End PBXVariantGroup section */

/* Begin XCBuildConfiguration section */
		FBD195772188D54F0059E16A /* Debug */ = {
			isa = XCBuildConfiguration;
			buildSettings = {
				ALWAYS_SEARCH_USER_PATHS = NO;
				CLANG_ANALYZER_NONNULL = YES;
				CLANG_ANALYZER_NUMBER_OBJECT_CONVERSION = YES_AGGRESSIVE;
				CLANG_CXX_LANGUAGE_STANDARD = "gnu++14";
				CLANG_CXX_LIBRARY = "libc++";
				CLANG_ENABLE_MODULES = YES;
				CLANG_ENABLE_OBJC_ARC = YES;
				CLANG_ENABLE_OBJC_WEAK = YES;
				CLANG_WARN_BLOCK_CAPTURE_AUTORELEASING = YES;
				CLANG_WARN_BOOL_CONVERSION = YES;
				CLANG_WARN_COMMA = YES;
				CLANG_WARN_CONSTANT_CONVERSION = YES;
				CLANG_WARN_DEPRECATED_OBJC_IMPLEMENTATIONS = YES;
				CLANG_WARN_DIRECT_OBJC_ISA_USAGE = YES_ERROR;
				CLANG_WARN_DOCUMENTATION_COMMENTS = YES;
				CLANG_WARN_EMPTY_BODY = YES;
				CLANG_WARN_ENUM_CONVERSION = YES;
				CLANG_WARN_INFINITE_RECURSION = YES;
				CLANG_WARN_INT_CONVERSION = YES;
				CLANG_WARN_NON_LITERAL_NULL_CONVERSION = YES;
				CLANG_WARN_OBJC_IMPLICIT_RETAIN_SELF = YES;
				CLANG_WARN_OBJC_LITERAL_CONVERSION = YES;
				CLANG_WARN_OBJC_ROOT_CLASS = YES_ERROR;
				CLANG_WARN_RANGE_LOOP_ANALYSIS = YES;
				CLANG_WARN_STRICT_PROTOTYPES = YES;
				CLANG_WARN_SUSPICIOUS_MOVE = YES;
				CLANG_WARN_UNGUARDED_AVAILABILITY = YES_AGGRESSIVE;
				CLANG_WARN_UNREACHABLE_CODE = YES;
				CLANG_WARN__DUPLICATE_METHOD_MATCH = YES;
				CODE_SIGN_IDENTITY = "iPhone Developer";
				COPY_PHASE_STRIP = NO;
				DEBUG_INFORMATION_FORMAT = dwarf;
				ENABLE_STRICT_OBJC_MSGSEND = YES;
				ENABLE_TESTABILITY = YES;
				GCC_C_LANGUAGE_STANDARD = gnu11;
				GCC_DYNAMIC_NO_PIC = NO;
				GCC_NO_COMMON_BLOCKS = YES;
				GCC_OPTIMIZATION_LEVEL = 0;
				GCC_PREPROCESSOR_DEFINITIONS = (
					"DEBUG=1",
					"$(inherited)",
				);
				GCC_WARN_64_TO_32_BIT_CONVERSION = YES;
				GCC_WARN_ABOUT_RETURN_TYPE = YES_ERROR;
				GCC_WARN_UNDECLARED_SELECTOR = YES;
				GCC_WARN_UNINITIALIZED_AUTOS = YES_AGGRESSIVE;
				GCC_WARN_UNUSED_FUNCTION = YES;
				GCC_WARN_UNUSED_VARIABLE = YES;
				IPHONEOS_DEPLOYMENT_TARGET = 12.0;
				MTL_ENABLE_DEBUG_INFO = INCLUDE_SOURCE;
				MTL_FAST_MATH = YES;
				ONLY_ACTIVE_ARCH = YES;
				SDKROOT = iphoneos;
				SWIFT_ACTIVE_COMPILATION_CONDITIONS = DEBUG;
				SWIFT_OPTIMIZATION_LEVEL = "-Onone";
			};
			name = Debug;
		};
		FBD195782188D54F0059E16A /* Release */ = {
			isa = XCBuildConfiguration;
			buildSettings = {
				ALWAYS_SEARCH_USER_PATHS = NO;
				CLANG_ANALYZER_NONNULL = YES;
				CLANG_ANALYZER_NUMBER_OBJECT_CONVERSION = YES_AGGRESSIVE;
				CLANG_CXX_LANGUAGE_STANDARD = "gnu++14";
				CLANG_CXX_LIBRARY = "libc++";
				CLANG_ENABLE_MODULES = YES;
				CLANG_ENABLE_OBJC_ARC = YES;
				CLANG_ENABLE_OBJC_WEAK = YES;
				CLANG_WARN_BLOCK_CAPTURE_AUTORELEASING = YES;
				CLANG_WARN_BOOL_CONVERSION = YES;
				CLANG_WARN_COMMA = YES;
				CLANG_WARN_CONSTANT_CONVERSION = YES;
				CLANG_WARN_DEPRECATED_OBJC_IMPLEMENTATIONS = YES;
				CLANG_WARN_DIRECT_OBJC_ISA_USAGE = YES_ERROR;
				CLANG_WARN_DOCUMENTATION_COMMENTS = YES;
				CLANG_WARN_EMPTY_BODY = YES;
				CLANG_WARN_ENUM_CONVERSION = YES;
				CLANG_WARN_INFINITE_RECURSION = YES;
				CLANG_WARN_INT_CONVERSION = YES;
				CLANG_WARN_NON_LITERAL_NULL_CONVERSION = YES;
				CLANG_WARN_OBJC_IMPLICIT_RETAIN_SELF = YES;
				CLANG_WARN_OBJC_LITERAL_CONVERSION = YES;
				CLANG_WARN_OBJC_ROOT_CLASS = YES_ERROR;
				CLANG_WARN_RANGE_LOOP_ANALYSIS = YES;
				CLANG_WARN_STRICT_PROTOTYPES = YES;
				CLANG_WARN_SUSPICIOUS_MOVE = YES;
				CLANG_WARN_UNGUARDED_AVAILABILITY = YES_AGGRESSIVE;
				CLANG_WARN_UNREACHABLE_CODE = YES;
				CLANG_WARN__DUPLICATE_METHOD_MATCH = YES;
				CODE_SIGN_IDENTITY = "iPhone Developer";
				COPY_PHASE_STRIP = NO;
				DEBUG_INFORMATION_FORMAT = "dwarf-with-dsym";
				ENABLE_NS_ASSERTIONS = NO;
				ENABLE_STRICT_OBJC_MSGSEND = YES;
				GCC_C_LANGUAGE_STANDARD = gnu11;
				GCC_NO_COMMON_BLOCKS = YES;
				GCC_WARN_64_TO_32_BIT_CONVERSION = YES;
				GCC_WARN_ABOUT_RETURN_TYPE = YES_ERROR;
				GCC_WARN_UNDECLARED_SELECTOR = YES;
				GCC_WARN_UNINITIALIZED_AUTOS = YES_AGGRESSIVE;
				GCC_WARN_UNUSED_FUNCTION = YES;
				GCC_WARN_UNUSED_VARIABLE = YES;
				IPHONEOS_DEPLOYMENT_TARGET = 12.0;
				MTL_ENABLE_DEBUG_INFO = NO;
				MTL_FAST_MATH = YES;
				SDKROOT = iphoneos;
				SWIFT_COMPILATION_MODE = wholemodule;
				SWIFT_OPTIMIZATION_LEVEL = "-O";
				VALIDATE_PRODUCT = YES;
			};
			name = Release;
		};
		FBD1957A2188D54F0059E16A /* Debug */ = {
			isa = XCBuildConfiguration;
			buildSettings = {
				ASSETCATALOG_COMPILER_APPICON_NAME = AppIcon;
				CODE_SIGN_STYLE = Automatic;
				DEVELOPMENT_TEAM = J3CA5JK947;
				INFOPLIST_FILE = tipster/Info.plist;
				LD_RUNPATH_SEARCH_PATHS = (
					"$(inherited)",
					"@executable_path/Frameworks",
				);
				PRODUCT_BUNDLE_IDENTIFIER = gbhoot.tipster;
				PRODUCT_NAME = "$(TARGET_NAME)";
				SWIFT_VERSION = 4.2;
				TARGETED_DEVICE_FAMILY = "1,2";
			};
			name = Debug;
		};
		FBD1957B2188D54F0059E16A /* Release */ = {
			isa = XCBuildConfiguration;
			buildSettings = {
				ASSETCATALOG_COMPILER_APPICON_NAME = AppIcon;
				CODE_SIGN_STYLE = Automatic;
				DEVELOPMENT_TEAM = J3CA5JK947;
				INFOPLIST_FILE = tipster/Info.plist;
				LD_RUNPATH_SEARCH_PATHS = (
					"$(inherited)",
					"@executable_path/Frameworks",
				);
				PRODUCT_BUNDLE_IDENTIFIER = gbhoot.tipster;
				PRODUCT_NAME = "$(TARGET_NAME)";
				SWIFT_VERSION = 4.2;
				TARGETED_DEVICE_FAMILY = "1,2";
			};
			name = Release;
		};
		FBD1957D2188D54F0059E16A /* Debug */ = {
			isa = XCBuildConfiguration;
			buildSettings = {
				ALWAYS_EMBED_SWIFT_STANDARD_LIBRARIES = YES;
				BUNDLE_LOADER = "$(TEST_HOST)";
				CODE_SIGN_STYLE = Automatic;
				DEVELOPMENT_TEAM = J3CA5JK947;
				INFOPLIST_FILE = tipsterTests/Info.plist;
				LD_RUNPATH_SEARCH_PATHS = (
					"$(inherited)",
					"@executable_path/Frameworks",
					"@loader_path/Frameworks",
				);
				PRODUCT_BUNDLE_IDENTIFIER = gbhoot.tipsterTests;
				PRODUCT_NAME = "$(TARGET_NAME)";
				SWIFT_VERSION = 4.2;
				TARGETED_DEVICE_FAMILY = "1,2";
				TEST_HOST = "$(BUILT_PRODUCTS_DIR)/tipster.app/tipster";
			};
			name = Debug;
		};
		FBD1957E2188D54F0059E16A /* Release */ = {
			isa = XCBuildConfiguration;
			buildSettings = {
				ALWAYS_EMBED_SWIFT_STANDARD_LIBRARIES = YES;
				BUNDLE_LOADER = "$(TEST_HOST)";
				CODE_SIGN_STYLE = Automatic;
				DEVELOPMENT_TEAM = J3CA5JK947;
				INFOPLIST_FILE = tipsterTests/Info.plist;
				LD_RUNPATH_SEARCH_PATHS = (
					"$(inherited)",
					"@executable_path/Frameworks",
					"@loader_path/Frameworks",
				);
				PRODUCT_BUNDLE_IDENTIFIER = gbhoot.tipsterTests;
				PRODUCT_NAME = "$(TARGET_NAME)";
				SWIFT_VERSION = 4.2;
				TARGETED_DEVICE_FAMILY = "1,2";
				TEST_HOST = "$(BUILT_PRODUCTS_DIR)/tipster.app/tipster";
			};
			name = Release;
		};
		FBD195802188D54F0059E16A /* Debug */ = {
			isa = XCBuildConfiguration;
			buildSettings = {
				ALWAYS_EMBED_SWIFT_STANDARD_LIBRARIES = YES;
				CODE_SIGN_STYLE = Automatic;
				DEVELOPMENT_TEAM = J3CA5JK947;
				INFOPLIST_FILE = tipsterUITests/Info.plist;
				LD_RUNPATH_SEARCH_PATHS = (
					"$(inherited)",
					"@executable_path/Frameworks",
					"@loader_path/Frameworks",
				);
				PRODUCT_BUNDLE_IDENTIFIER = gbhoot.tipsterUITests;
				PRODUCT_NAME = "$(TARGET_NAME)";
				SWIFT_VERSION = 4.2;
				TARGETED_DEVICE_FAMILY = "1,2";
				TEST_TARGET_NAME = tipster;
			};
			name = Debug;
		};
		FBD195812188D54F0059E16A /* Release */ = {
			isa = XCBuildConfiguration;
			buildSettings = {
				ALWAYS_EMBED_SWIFT_STANDARD_LIBRARIES = YES;
				CODE_SIGN_STYLE = Automatic;
				DEVELOPMENT_TEAM = J3CA5JK947;
				INFOPLIST_FILE = tipsterUITests/Info.plist;
				LD_RUNPATH_SEARCH_PATHS = (
					"$(inherited)",
					"@executable_path/Frameworks",
					"@loader_path/Frameworks",
				);
				PRODUCT_BUNDLE_IDENTIFIER = gbhoot.tipsterUITests;
				PRODUCT_NAME = "$(TARGET_NAME)";
				SWIFT_VERSION = 4.2;
				TARGETED_DEVICE_FAMILY = "1,2";
				TEST_TARGET_NAME = tipster;
			};
			name = Release;
		};
/* End XCBuildConfiguration section */

/* Begin XCConfigurationList section */
		FBD1954C2188D54E0059E16A /* Build configuration list for PBXProject "tipster" */ = {
			isa = XCConfigurationList;
			buildConfigurations = (
				FBD195772188D54F0059E16A /* Debug */,
				FBD195782188D54F0059E16A /* Release */,
			);
			defaultConfigurationIsVisible = 0;
			defaultConfigurationName = Release;
		};
		FBD195792188D54F0059E16A /* Build configuration list for PBXNativeTarget "tipster" */ = {
			isa = XCConfigurationList;
			buildConfigurations = (
				FBD1957A2188D54F0059E16A /* Debug */,
				FBD1957B2188D54F0059E16A /* Release */,
			);
			defaultConfigurationIsVisible = 0;
			defaultConfigurationName = Release;
		};
		FBD1957C2188D54F0059E16A /* Build configuration list for PBXNativeTarget "tipsterTests" */ = {
			isa = XCConfigurationList;
			buildConfigurations = (
				FBD1957D2188D54F0059E16A /* Debug */,
				FBD1957E2188D54F0059E16A /* Release */,
			);
			defaultConfigurationIsVisible = 0;
			defaultConfigurationName = Release;
		};
		FBD1957F2188D54F0059E16A /* Build configuration list for PBXNativeTarget "tipsterUITests" */ = {
			isa = XCConfigurationList;
			buildConfigurations = (
				FBD195802188D54F0059E16A /* Debug */,
				FBD195812188D54F0059E16A /* Release */,
			);
			defaultConfigurationIsVisible = 0;
			defaultConfigurationName = Release;
		};
/* End XCConfigurationList section */
	};
	rootObject = FBD195492188D54E0059E16A /* Project object */;
}
